# This file is automatically @generated by Poetry 1.8.2 and should not be changed by hand.

[[package]]
name = "robotframework"
version = "7.5"
description = "Generic automation framework for acceptance testing and robotic process automation (RPA)"
optional = false
python-versions = ">=3.8"
files = [
    {file = "robotframework-7.5-py3-none-any.whl", hash = "sha256:5a194db36524604fafa1da89adebc837db9a95adf15ffd746e09ce98251e6c68"},
    {file = "robotframework-7.5.tar.gz", hash = "sha256:ff6233ff752a200ece4d0a6c59f6f9f7d0e96dcff0a7a3458296b997b812482e"},
]

[metadata]
lock-version = "2.0"
python-versions = "^3.12"
content-hash = "de106756f57f5d5e5fa4915d989985bf706cd97a31f4aed496260476a4419e08"
